
Microsoft Visual Studio Solution File, Format Version 12.00
# Visual Studio 15
VisualStudioVersion = 15.0.27428.1
MinimumVisualStudioVersion = 10.0.40219.1
Project("{FAE04EC0-301F-11D3-BF4B-00C04F79EFBC}") = "Lab1", "Lab1\Lab1.csproj", "{945C2A6F-0226-45FB-8AAB-DD8FD2B86C12}"
EndProject
Project("{FAE04EC0-301F-11D3-BF4B-00C04F79EFBC}") = "Lab2", "Lab2\Lab2.csproj", "{48CE189C-BBE9-4F64-B8A9-A8597E478280}"
EndProject
Project("{FAE04EC0-301F-11D3-BF4B-00C04F79EFBC}") = "Lab2_tmp", "Lab2_tmp\Lab2_tmp.csproj", "{1BB62535-498F-46D5-B06A-31B8D2276461}"
EndProject
Project("{FAE04EC0-301F-11D3-BF4B-00C04F79EFBC}") = "Lab3", "Lab3\Lab3.csproj", "{84A0FEF7-2B0C-4E9C-953E-8CFFEEC97399}"
EndProject
Project("{FAE04EC0-301F-11D3-BF4B-00C04F79EFBC}") = "Lab4", "Lab4\Lab4.csproj", "{F63F9CBA-0BB0-476B-895A-B0FBE328A34E}"
EndProject
Global
	GlobalSection(SolutionConfigurationPlatforms) = preSolution
		Debug|Any CPU = Debug|Any CPU
		Debug|x64 = Debug|x64
		Debug|x86 = Debug|x86
		Release|Any CPU = Release|Any CPU
		Release|x64 = Release|x64
		Release|x86 = Release|x86
	EndGlobalSection
	GlobalSection(ProjectConfigurationPlatforms) = postSolution
		{945C2A6F-0226-45FB-8AAB-DD8FD2B86C12}.Debug|Any CPU.ActiveCfg = Debug|Any CPU
		{945C2A6F-0226-45FB-8AAB-DD8FD2B86C12}.Debug|Any CPU.Build.0 = Debug|Any CPU
		{945C2A6F-0226-45FB-8AAB-DD8FD2B86C12}.Debug|x64.ActiveCfg = Debug|Any CPU
		{945C2A6F-0226-45FB-8AAB-DD8FD2B86C12}.Debug|x64.Build.0 = Debug|Any CPU
		{945C2A6F-0226-45FB-8AAB-DD8FD2B86C12}.Debug|x86.ActiveCfg = Debug|Any CPU
		{945C2A6F-0226-45FB-8AAB-DD8FD2B86C12}.Debug|x86.Build.0 = Debug|Any CPU
		{945C2A6F-0226-45FB-8AAB-DD8FD2B86C12}.Release|Any CPU.ActiveCfg = Release|Any CPU
		{945C2A6F-0226-45FB-8AAB-DD8FD2B86C12}.Release|Any CPU.Build.0 = Release|Any CPU
		{945C2A6F-0226-45FB-8AAB-DD8FD2B86C12}.Release|x64.ActiveCfg = Release|Any CPU
		{945C2A6F-0226-45FB-8AAB-DD8FD2B86C12}.Release|x64.Build.0 = Release|Any CPU
		{945C2A6F-0226-45FB-8AAB-DD8FD2B86C12}.Release|x86.ActiveCfg = Release|Any CPU
		{945C2A6F-0226-45FB-8AAB-DD8FD2B86C12}.Release|x86.Build.0 = Release|Any CPU
		{48CE189C-BBE9-4F64-B8A9-A8597E478280}.Debug|Any CPU.ActiveCfg = Debug|Any CPU
		{48CE189C-BBE9-4F64-B8A9-A8597E478280}.Debug|Any CPU.Build.0 = Debug|Any CPU
		{48CE189C-BBE9-4F64-B8A9-A8597E478280}.Debug|x64.ActiveCfg = Debug|Any CPU
		{48CE189C-BBE9-4F64-B8A9-A8597E478280}.Debug|x64.Build.0 = Debug|Any CPU
		{48CE189C-BBE9-4F64-B8A9-A8597E478280}.Debug|x86.ActiveCfg = Debug|Any CPU
		{48CE189C-BBE9-4F64-B8A9-A8597E478280}.Debug|x86.Build.0 = Debug|Any CPU
		{48CE189C-BBE9-4F64-B8A9-A8597E478280}.Release|Any CPU.ActiveCfg = Release|Any CPU
		{48CE189C-BBE9-4F64-B8A9-A8597E478280}.Release|Any CPU.Build.0 = Release|Any CPU
		{48CE189C-BBE9-4F64-B8A9-A8597E478280}.Release|x64.ActiveCfg = Release|Any CPU
		{48CE189C-BBE9-4F64-B8A9-A8597E478280}.Release|x64.Build.0 = Release|Any CPU
		{48CE189C-BBE9-4F64-B8A9-A8597E478280}.Release|x86.ActiveCfg = Release|Any CPU
		{48CE189C-BBE9-4F64-B8A9-A8597E478280}.Release|x86.Build.0 = Release|Any CPU
		{1BB62535-498F-46D5-B06A-31B8D2276461}.Debug|Any CPU.ActiveCfg = Debug|Any CPU
		{1BB62535-498F-46D5-B06A-31B8D2276461}.Debug|Any CPU.Build.0 = Debug|Any CPU
		{1BB62535-498F-46D5-B06A-31B8D2276461}.Debug|x64.ActiveCfg = Debug|Any CPU
		{1BB62535-498F-46D5-B06A-31B8D2276461}.Debug|x64.Build.0 = Debug|Any CPU
		{1BB62535-498F-46D5-B06A-31B8D2276461}.Debug|x86.ActiveCfg = Debug|Any CPU
		{1BB62535-498F-46D5-B06A-31B8D2276461}.Debug|x86.Build.0 = Debug|Any CPU
		{1BB62535-498F-46D5-B06A-31B8D2276461}.Release|Any CPU.ActiveCfg = Release|Any CPU
		{1BB62535-498F-46D5-B06A-31B8D2276461}.Release|Any CPU.Build.0 = Release|Any CPU
		{1BB62535-498F-46D5-B06A-31B8D2276461}.Release|x64.ActiveCfg = Release|Any CPU
		{1BB62535-498F-46D5-B06A-31B8D2276461}.Release|x64.Build.0 = Release|Any CPU
		{1BB62535-498F-46D5-B06A-31B8D2276461}.Release|x86.ActiveCfg = Release|Any CPU
		{1BB62535-498F-46D5-B06A-31B8D2276461}.Release|x86.Build.0 = Release|Any CPU
		{84A0FEF7-2B0C-4E9C-953E-8CFFEEC97399}.Debug|Any CPU.ActiveCfg = Debug|Any CPU
		{84A0FEF7-2B0C-4E9C-953E-8CFFEEC97399}.Debug|Any CPU.Build.0 = Debug|Any CPU
		{84A0FEF7-2B0C-4E9C-953E-8CFFEEC97399}.Debug|x64.ActiveCfg = Debug|Any CPU
		{84A0FEF7-2B0C-4E9C-953E-8CFFEEC97399}.Debug|x64.Build.0 = Debug|Any CPU
		{84A0FEF7-2B0C-4E9C-953E-8CFFEEC97399}.Debug|x86.ActiveCfg = Debug|Any CPU
		{84A0FEF7-2B0C-4E9C-953E-8CFFEEC97399}.Debug|x86.Build.0 = Debug|Any CPU
		{84A0FEF7-2B0C-4E9C-953E-8CFFEEC97399}.Release|Any CPU.ActiveCfg = Release|Any CPU
		{84A0FEF7-2B0C-4E9C-953E-8CFFEEC97399}.Release|Any CPU.Build.0 = Release|Any CPU
		{84A0FEF7-2B0C-4E9C-953E-8CFFEEC97399}.Release|x64.ActiveCfg = Release|Any CPU
		{84A0FEF7-2B0C-4E9C-953E-8CFFEEC97399}.Release|x64.Build.0 = Release|Any CPU
		{84A0FEF7-2B0C-4E9C-953E-8CFFEEC97399}.Release|x86.ActiveCfg = Release|Any CPU
		{84A0FEF7-2B0C-4E9C-953E-8CFFEEC97399}.Release|x86.Build.0 = Release|Any CPU
		{F63F9CBA-0BB0-476B-895A-B0FBE328A34E}.Debug|Any CPU.ActiveCfg = Debug|Any CPU
		{F63F9CBA-0BB0-476B-895A-B0FBE328A34E}.Debug|Any CPU.Build.0 = Debug|Any CPU
		{F63F9CBA-0BB0-476B-895A-B0FBE328A34E}.Debug|x64.ActiveCfg = Debug|Any CPU
		{F63F9CBA-0BB0-476B-895A-B0FBE328A34E}.Debug|x64.Build.0 = Debug|Any CPU
		{F63F9CBA-0BB0-476B-895A-B0FBE328A34E}.Debug|x86.ActiveCfg = Debug|Any CPU
		{F63F9CBA-0BB0-476B-895A-B0FBE328A34E}.Debug|x86.Build.0 = Debug|Any CPU
		{F63F9CBA-0BB0-476B-895A-B0FBE328A34E}.Release|Any CPU.ActiveCfg = Release|Any CPU
		{F63F9CBA-0BB0-476B-895A-B0FBE328A34E}.Release|Any CPU.Build.0 = Release|Any CPU
		{F63F9CBA-0BB0-476B-895A-B0FBE328A34E}.Release|x64.ActiveCfg = Release|Any CPU
		{F63F9CBA-0BB0-476B-895A-B0FBE328A34E}.Release|x64.Build.0 = Release|Any CPU
		{F63F9CBA-0BB0-476B-895A-B0FBE328A34E}.Release|x86.ActiveCfg = Release|Any CPU
		{F63F9CBA-0BB0-476B-895A-B0FBE328A34E}.Release|x86.Build.0 = Release|Any CPU
	EndGlobalSection
	GlobalSection(SolutionProperties) = preSolution
		HideSolutionNode = FALSE
	EndGlobalSection
	GlobalSection(ExtensibilityGlobals) = postSolution
		SolutionGuid = {77A4A6E5-AF8A-42B6-8A82-E11B55D9F03D}
	EndGlobalSection
EndGlobal
